
Microsoft Visual Studio Solution File, Format Version 12.00
# Visual Studio 14
VisualStudioVersion = 14.0.25420.1
MinimumVisualStudioVersion = 10.0.40219.1
Project("{DA7A21FA-8162-4350-AD77-A8D1B671F3ED}") = "rproject_A", "rproject_A\rproject_A.rxproj", "{6ECDA56A-B0D3-4680-A7F2-9CD1B4B3272A}"
EndProject
Global
	GlobalSection(SolutionConfigurationPlatforms) = preSolution
		Debug|Any CPU = Debug|Any CPU
		Release|Any CPU = Release|Any CPU
	EndGlobalSection
	GlobalSection(ProjectConfigurationPlatforms) = postSolution
		{6ECDA56A-B0D3-4680-A7F2-9CD1B4B3272A}.Debug|Any CPU.ActiveCfg = Debug|Any CPU
		{6ECDA56A-B0D3-4680-A7F2-9CD1B4B3272A}.Debug|Any CPU.Build.0 = Debug|Any CPU
		{6ECDA56A-B0D3-4680-A7F2-9CD1B4B3272A}.Release|Any CPU.ActiveCfg = Release|Any CPU
		{6ECDA56A-B0D3-4680-A7F2-9CD1B4B3272A}.Release|Any CPU.Build.0 = Release|Any CPU
	EndGlobalSection
	GlobalSection(SolutionProperties) = preSolution
		HideSolutionNode = FALSE
	EndGlobalSection
EndGlobal
